
Microsoft Visual Studio Solution File, Format Version 10.00
# Visual Studio 2008
Project("{8BC9CEB8-8B4A-11D0-8D11-00A0C91BC942}") = "Speech", "Speech.vcproj", "{DD775B30-EA89-404B-8620-5538A0442D4F}"
EndProject
Global
	GlobalSection(SolutionConfigurationPlatforms) = preSolution
		Debug|Win32 = Debug|Win32
		Release|Win32 = Release|Win32
	EndGlobalSection
	GlobalSection(ProjectConfigurationPlatforms) = postSolution
		{DD775B30-EA89-404B-8620-5538A0442D4F}.Debug|Win32.ActiveCfg = Debug|Win32
		{DD775B30-EA89-404B-8620-5538A0442D4F}.Debug|Win32.Build.0 = Debug|Win32
		{DD775B30-EA89-404B-8620-5538A0442D4F}.Release|Win32.ActiveCfg = Release|Win32
		{DD775B30-EA89-404B-8620-5538A0442D4F}.Release|Win32.Build.0 = Release|Win32
	EndGlobalSection
	GlobalSection(SolutionProperties) = preSolution
		HideSolutionNode = FALSE
	EndGlobalSection
EndGlobal
